
Microsoft Visual Studio Solution File, Format Version 12.00
# Visual Studio Version 17
VisualStudioVersion = 17.4.33122.133
MinimumVisualStudioVersion = 10.0.40219.1
Project("{FAE04EC0-301F-11D3-BF4B-00C04F79EFBC}") = "FileUploaderApi", "FileUploaderApi\FileUploaderApi.csproj", "{DE31518C-2B8E-4165-BD81-2CC3D778E81C}"
EndProject
Global
	GlobalSection(SolutionConfigurationPlatforms) = preSolution
		Debug|Any CPU = Debug|Any CPU
		Release|Any CPU = Release|Any CPU
	EndGlobalSection
	GlobalSection(ProjectConfigurationPlatforms) = postSolution
		{DE31518C-2B8E-4165-BD81-2CC3D778E81C}.Debug|Any CPU.ActiveCfg = Debug|Any CPU
		{DE31518C-2B8E-4165-BD81-2CC3D778E81C}.Debug|Any CPU.Build.0 = Debug|Any CPU
		{DE31518C-2B8E-4165-BD81-2CC3D778E81C}.Release|Any CPU.ActiveCfg = Release|Any CPU
		{DE31518C-2B8E-4165-BD81-2CC3D778E81C}.Release|Any CPU.Build.0 = Release|Any CPU
	EndGlobalSection
	GlobalSection(SolutionProperties) = preSolution
		HideSolutionNode = FALSE
	EndGlobalSection
	GlobalSection(ExtensibilityGlobals) = postSolution
		SolutionGuid = {15768D81-46D0-4C4F-85CC-E7BC972DD28B}
	EndGlobalSection
EndGlobal
